
Microsoft Visual Studio Solution File, Format Version 12.00
# Visual Studio 15
VisualStudioVersion = 15.0.27703.2018
MinimumVisualStudioVersion = 10.0.40219.1
Project("{8BC9CEB8-8B4A-11D0-8D11-00A0C91BC942}") = "cj", "cj.vcxproj", "{7F5F0103-648D-4095-AAF8-5B4D15D12805}"
	ProjectSection(ProjectDependencies) = postProject
		{88503E1B-AF2E-4510-8FCC-705D1CD1B32F} = {88503E1B-AF2E-4510-8FCC-705D1CD1B32F}
		{4B23BC2B-3486-439A-95FC-01735E961298} = {4B23BC2B-3486-439A-95FC-01735E961298}
		{F91350C5-FC50-40CF-AD55-14C8C064991B} = {F91350C5-FC50-40CF-AD55-14C8C064991B}
	EndProjectSection
EndProject
Project("{8BC9CEB8-8B4A-11D0-8D11-00A0C91BC942}") = "core", "..\..\..\core\vs2017\core\core.vcxproj", "{4B23BC2B-3486-439A-95FC-01735E961298}"
EndProject
Project("{8BC9CEB8-8B4A-11D0-8D11-00A0C91BC942}") = "lang", "..\..\..\lang\vs2017\lang\lang.vcxproj", "{88503E1B-AF2E-4510-8FCC-705D1CD1B32F}"
EndProject
Project("{8BC9CEB8-8B4A-11D0-8D11-00A0C91BC942}") = "lua_wrap", "..\..\..\lua_wrap\vs2017\lua_wrap\lua_wrap.vcxproj", "{F91350C5-FC50-40CF-AD55-14C8C064991B}"
EndProject
Project("{8BC9CEB8-8B4A-11D0-8D11-00A0C91BC942}") = "test", "..\..\..\lua_wrap\vs2017\test\test.vcxproj", "{C5E6EEA0-1A69-4C37-B74A-7CD2A72F742C}"
EndProject
Global
	GlobalSection(SolutionConfigurationPlatforms) = preSolution
		clang_debug|ARM = clang_debug|ARM
		clang_debug|x64 = clang_debug|x64
		clang_debug|x86 = clang_debug|x86
		Debug|ARM = Debug|ARM
		Debug|x64 = Debug|x64
		Debug|x86 = Debug|x86
		Release|ARM = Release|ARM
		Release|x64 = Release|x64
		Release|x86 = Release|x86
	EndGlobalSection
	GlobalSection(ProjectConfigurationPlatforms) = postSolution
		{7F5F0103-648D-4095-AAF8-5B4D15D12805}.clang_debug|ARM.ActiveCfg = Release|Win32
		{7F5F0103-648D-4095-AAF8-5B4D15D12805}.clang_debug|ARM.Build.0 = Release|Win32
		{7F5F0103-648D-4095-AAF8-5B4D15D12805}.clang_debug|x64.ActiveCfg = Release|x64
		{7F5F0103-648D-4095-AAF8-5B4D15D12805}.clang_debug|x64.Build.0 = Release|x64
		{7F5F0103-648D-4095-AAF8-5B4D15D12805}.clang_debug|x86.ActiveCfg = Release|Win32
		{7F5F0103-648D-4095-AAF8-5B4D15D12805}.clang_debug|x86.Build.0 = Release|Win32
		{7F5F0103-648D-4095-AAF8-5B4D15D12805}.Debug|ARM.ActiveCfg = Debug|Win32
		{7F5F0103-648D-4095-AAF8-5B4D15D12805}.Debug|x64.ActiveCfg = Debug|x64
		{7F5F0103-648D-4095-AAF8-5B4D15D12805}.Debug|x64.Build.0 = Debug|x64
		{7F5F0103-648D-4095-AAF8-5B4D15D12805}.Debug|x86.ActiveCfg = Debug|Win32
		{7F5F0103-648D-4095-AAF8-5B4D15D12805}.Debug|x86.Build.0 = Debug|Win32
		{7F5F0103-648D-4095-AAF8-5B4D15D12805}.Release|ARM.ActiveCfg = Release|Win32
		{7F5F0103-648D-4095-AAF8-5B4D15D12805}.Release|x64.ActiveCfg = Release|x64
		{7F5F0103-648D-4095-AAF8-5B4D15D12805}.Release|x64.Build.0 = Release|x64
		{7F5F0103-648D-4095-AAF8-5B4D15D12805}.Release|x86.ActiveCfg = Release|Win32
		{7F5F0103-648D-4095-AAF8-5B4D15D12805}.Release|x86.Build.0 = Release|Win32
		{4B23BC2B-3486-439A-95FC-01735E961298}.clang_debug|ARM.ActiveCfg = Release|Win32
		{4B23BC2B-3486-439A-95FC-01735E961298}.clang_debug|ARM.Build.0 = Release|Win32
		{4B23BC2B-3486-439A-95FC-01735E961298}.clang_debug|x64.ActiveCfg = Release|x64
		{4B23BC2B-3486-439A-95FC-01735E961298}.clang_debug|x64.Build.0 = Release|x64
		{4B23BC2B-3486-439A-95FC-01735E961298}.clang_debug|x86.ActiveCfg = Release|Win32
		{4B23BC2B-3486-439A-95FC-01735E961298}.clang_debug|x86.Build.0 = Release|Win32
		{4B23BC2B-3486-439A-95FC-01735E961298}.Debug|ARM.ActiveCfg = Debug|Win32
		{4B23BC2B-3486-439A-95FC-01735E961298}.Debug|x64.ActiveCfg = Debug|x64
		{4B23BC2B-3486-439A-95FC-01735E961298}.Debug|x64.Build.0 = Debug|x64
		{4B23BC2B-3486-439A-95FC-01735E961298}.Debug|x86.ActiveCfg = Debug|Win32
		{4B23BC2B-3486-439A-95FC-01735E961298}.Debug|x86.Build.0 = Debug|Win32
		{4B23BC2B-3486-439A-95FC-01735E961298}.Release|ARM.ActiveCfg = Release|Win32
		{4B23BC2B-3486-439A-95FC-01735E961298}.Release|x64.ActiveCfg = Release|x64
		{4B23BC2B-3486-439A-95FC-01735E961298}.Release|x64.Build.0 = Release|x64
		{4B23BC2B-3486-439A-95FC-01735E961298}.Release|x86.ActiveCfg = Release|Win32
		{4B23BC2B-3486-439A-95FC-01735E961298}.Release|x86.Build.0 = Release|Win32
		{88503E1B-AF2E-4510-8FCC-705D1CD1B32F}.clang_debug|ARM.ActiveCfg = Release|Win32
		{88503E1B-AF2E-4510-8FCC-705D1CD1B32F}.clang_debug|ARM.Build.0 = Release|Win32
		{88503E1B-AF2E-4510-8FCC-705D1CD1B32F}.clang_debug|x64.ActiveCfg = Release|x64
		{88503E1B-AF2E-4510-8FCC-705D1CD1B32F}.clang_debug|x64.Build.0 = Release|x64
		{88503E1B-AF2E-4510-8FCC-705D1CD1B32F}.clang_debug|x86.ActiveCfg = Release|Win32
		{88503E1B-AF2E-4510-8FCC-705D1CD1B32F}.clang_debug|x86.Build.0 = Release|Win32
		{88503E1B-AF2E-4510-8FCC-705D1CD1B32F}.Debug|ARM.ActiveCfg = Debug|Win32
		{88503E1B-AF2E-4510-8FCC-705D1CD1B32F}.Debug|x64.ActiveCfg = Debug|x64
		{88503E1B-AF2E-4510-8FCC-705D1CD1B32F}.Debug|x64.Build.0 = Debug|x64
		{88503E1B-AF2E-4510-8FCC-705D1CD1B32F}.Debug|x86.ActiveCfg = Debug|Win32
		{88503E1B-AF2E-4510-8FCC-705D1CD1B32F}.Debug|x86.Build.0 = Debug|Win32
		{88503E1B-AF2E-4510-8FCC-705D1CD1B32F}.Release|ARM.ActiveCfg = Release|Win32
		{88503E1B-AF2E-4510-8FCC-705D1CD1B32F}.Release|x64.ActiveCfg = Release|x64
		{88503E1B-AF2E-4510-8FCC-705D1CD1B32F}.Release|x64.Build.0 = Release|x64
		{88503E1B-AF2E-4510-8FCC-705D1CD1B32F}.Release|x86.ActiveCfg = Release|Win32
		{88503E1B-AF2E-4510-8FCC-705D1CD1B32F}.Release|x86.Build.0 = Release|Win32
		{F91350C5-FC50-40CF-AD55-14C8C064991B}.clang_debug|ARM.ActiveCfg = Release|x64
		{F91350C5-FC50-40CF-AD55-14C8C064991B}.clang_debug|ARM.Build.0 = Release|x64
		{F91350C5-FC50-40CF-AD55-14C8C064991B}.clang_debug|x64.ActiveCfg = Release|x64
		{F91350C5-FC50-40CF-AD55-14C8C064991B}.clang_debug|x64.Build.0 = Release|x64
		{F91350C5-FC50-40CF-AD55-14C8C064991B}.clang_debug|x86.ActiveCfg = Release|Win32
		{F91350C5-FC50-40CF-AD55-14C8C064991B}.clang_debug|x86.Build.0 = Release|Win32
		{F91350C5-FC50-40CF-AD55-14C8C064991B}.Debug|ARM.ActiveCfg = Debug|Win32
		{F91350C5-FC50-40CF-AD55-14C8C064991B}.Debug|x64.ActiveCfg = Debug|x64
		{F91350C5-FC50-40CF-AD55-14C8C064991B}.Debug|x64.Build.0 = Debug|x64
		{F91350C5-FC50-40CF-AD55-14C8C064991B}.Debug|x86.ActiveCfg = Debug|Win32
		{F91350C5-FC50-40CF-AD55-14C8C064991B}.Debug|x86.Build.0 = Debug|Win32
		{F91350C5-FC50-40CF-AD55-14C8C064991B}.Release|ARM.ActiveCfg = Release|Win32
		{F91350C5-FC50-40CF-AD55-14C8C064991B}.Release|x64.ActiveCfg = Release|x64
		{F91350C5-FC50-40CF-AD55-14C8C064991B}.Release|x64.Build.0 = Release|x64
		{F91350C5-FC50-40CF-AD55-14C8C064991B}.Release|x86.ActiveCfg = Release|Win32
		{F91350C5-FC50-40CF-AD55-14C8C064991B}.Release|x86.Build.0 = Release|Win32
		{C5E6EEA0-1A69-4C37-B74A-7CD2A72F742C}.clang_debug|ARM.ActiveCfg = Release|x64
		{C5E6EEA0-1A69-4C37-B74A-7CD2A72F742C}.clang_debug|ARM.Build.0 = Release|x64
		{C5E6EEA0-1A69-4C37-B74A-7CD2A72F742C}.clang_debug|x64.ActiveCfg = Release|x64
		{C5E6EEA0-1A69-4C37-B74A-7CD2A72F742C}.clang_debug|x64.Build.0 = Release|x64
		{C5E6EEA0-1A69-4C37-B74A-7CD2A72F742C}.clang_debug|x86.ActiveCfg = Release|Win32
		{C5E6EEA0-1A69-4C37-B74A-7CD2A72F742C}.clang_debug|x86.Build.0 = Release|Win32
		{C5E6EEA0-1A69-4C37-B74A-7CD2A72F742C}.Debug|ARM.ActiveCfg = Debug|Win32
		{C5E6EEA0-1A69-4C37-B74A-7CD2A72F742C}.Debug|x64.ActiveCfg = Debug|x64
		{C5E6EEA0-1A69-4C37-B74A-7CD2A72F742C}.Debug|x64.Build.0 = Debug|x64
		{C5E6EEA0-1A69-4C37-B74A-7CD2A72F742C}.Debug|x86.ActiveCfg = Debug|Win32
		{C5E6EEA0-1A69-4C37-B74A-7CD2A72F742C}.Debug|x86.Build.0 = Debug|Win32
		{C5E6EEA0-1A69-4C37-B74A-7CD2A72F742C}.Release|ARM.ActiveCfg = Release|Win32
		{C5E6EEA0-1A69-4C37-B74A-7CD2A72F742C}.Release|x64.ActiveCfg = Release|x64
		{C5E6EEA0-1A69-4C37-B74A-7CD2A72F742C}.Release|x64.Build.0 = Release|x64
		{C5E6EEA0-1A69-4C37-B74A-7CD2A72F742C}.Release|x86.ActiveCfg = Release|Win32
		{C5E6EEA0-1A69-4C37-B74A-7CD2A72F742C}.Release|x86.Build.0 = Release|Win32
	EndGlobalSection
	GlobalSection(SolutionProperties) = preSolution
		HideSolutionNode = FALSE
	EndGlobalSection
	GlobalSection(ExtensibilityGlobals) = postSolution
		SolutionGuid = {ACB2086A-A179-4ED1-B6A6-ECEE372903E7}
	EndGlobalSection
EndGlobal
